
Microsoft Visual Studio Solution File, Format Version 12.00
# Visual Studio Version 16
VisualStudioVersion = 16.0.30804.86
MinimumVisualStudioVersion = 10.0.40219.1
Project("{9A19103F-16F7-4668-BE54-9A1E7A4F7556}") = "Day01", "Day01\Day01.csproj", "{D457BB0D-53EA-47E9-9919-5DA2D3649C81}"
EndProject
Project("{FAE04EC0-301F-11D3-BF4B-00C04F79EFBC}") = "Day02", "Day02\Day02.csproj", "{C139F1F9-AE36-4AD8-B344-7C96584C0D93}"
EndProject
Project("{FAE04EC0-301F-11D3-BF4B-00C04F79EFBC}") = "Day03", "Day03\Day03.csproj", "{C02714E8-D8F9-4B15-8AC3-C1370A95B0AB}"
EndProject
Project("{FAE04EC0-301F-11D3-BF4B-00C04F79EFBC}") = "Day04", "Day04\Day04.csproj", "{6471E638-6AEB-43C3-9EA9-A37BB23D703E}"
EndProject
Project("{FAE04EC0-301F-11D3-BF4B-00C04F79EFBC}") = "Day05", "Day05\Day05.csproj", "{A77FA4D5-7077-432E-BF33-1F67CA00DDAD}"
EndProject
Project("{FAE04EC0-301F-11D3-BF4B-00C04F79EFBC}") = "Day06", "Day06\Day06.csproj", "{25E4FE10-E80E-4A6B-999A-EEE3B776E494}"
EndProject
Project("{FAE04EC0-301F-11D3-BF4B-00C04F79EFBC}") = "Day07", "Day07\Day07.csproj", "{BD66454F-85DA-4ADE-9CC7-2B1E34588E7A}"
EndProject
Global
	GlobalSection(SolutionConfigurationPlatforms) = preSolution
		Debug|Any CPU = Debug|Any CPU
		Release|Any CPU = Release|Any CPU
	EndGlobalSection
	GlobalSection(ProjectConfigurationPlatforms) = postSolution
		{D457BB0D-53EA-47E9-9919-5DA2D3649C81}.Debug|Any CPU.ActiveCfg = Debug|Any CPU
		{D457BB0D-53EA-47E9-9919-5DA2D3649C81}.Debug|Any CPU.Build.0 = Debug|Any CPU
		{D457BB0D-53EA-47E9-9919-5DA2D3649C81}.Release|Any CPU.ActiveCfg = Release|Any CPU
		{D457BB0D-53EA-47E9-9919-5DA2D3649C81}.Release|Any CPU.Build.0 = Release|Any CPU
		{C139F1F9-AE36-4AD8-B344-7C96584C0D93}.Debug|Any CPU.ActiveCfg = Debug|Any CPU
		{C139F1F9-AE36-4AD8-B344-7C96584C0D93}.Debug|Any CPU.Build.0 = Debug|Any CPU
		{C139F1F9-AE36-4AD8-B344-7C96584C0D93}.Release|Any CPU.ActiveCfg = Release|Any CPU
		{C139F1F9-AE36-4AD8-B344-7C96584C0D93}.Release|Any CPU.Build.0 = Release|Any CPU
		{C02714E8-D8F9-4B15-8AC3-C1370A95B0AB}.Debug|Any CPU.ActiveCfg = Debug|Any CPU
		{C02714E8-D8F9-4B15-8AC3-C1370A95B0AB}.Debug|Any CPU.Build.0 = Debug|Any CPU
		{C02714E8-D8F9-4B15-8AC3-C1370A95B0AB}.Release|Any CPU.ActiveCfg = Release|Any CPU
		{C02714E8-D8F9-4B15-8AC3-C1370A95B0AB}.Release|Any CPU.Build.0 = Release|Any CPU
		{6471E638-6AEB-43C3-9EA9-A37BB23D703E}.Debug|Any CPU.ActiveCfg = Debug|Any CPU
		{6471E638-6AEB-43C3-9EA9-A37BB23D703E}.Debug|Any CPU.Build.0 = Debug|Any CPU
		{6471E638-6AEB-43C3-9EA9-A37BB23D703E}.Release|Any CPU.ActiveCfg = Release|Any CPU
		{6471E638-6AEB-43C3-9EA9-A37BB23D703E}.Release|Any CPU.Build.0 = Release|Any CPU
		{A77FA4D5-7077-432E-BF33-1F67CA00DDAD}.Debug|Any CPU.ActiveCfg = Debug|Any CPU
		{A77FA4D5-7077-432E-BF33-1F67CA00DDAD}.Debug|Any CPU.Build.0 = Debug|Any CPU
		{A77FA4D5-7077-432E-BF33-1F67CA00DDAD}.Release|Any CPU.ActiveCfg = Release|Any CPU
		{A77FA4D5-7077-432E-BF33-1F67CA00DDAD}.Release|Any CPU.Build.0 = Release|Any CPU
		{25E4FE10-E80E-4A6B-999A-EEE3B776E494}.Debug|Any CPU.ActiveCfg = Debug|Any CPU
		{25E4FE10-E80E-4A6B-999A-EEE3B776E494}.Debug|Any CPU.Build.0 = Debug|Any CPU
		{25E4FE10-E80E-4A6B-999A-EEE3B776E494}.Release|Any CPU.ActiveCfg = Release|Any CPU
		{25E4FE10-E80E-4A6B-999A-EEE3B776E494}.Release|Any CPU.Build.0 = Release|Any CPU
		{BD66454F-85DA-4ADE-9CC7-2B1E34588E7A}.Debug|Any CPU.ActiveCfg = Debug|Any CPU
		{BD66454F-85DA-4ADE-9CC7-2B1E34588E7A}.Debug|Any CPU.Build.0 = Debug|Any CPU
		{BD66454F-85DA-4ADE-9CC7-2B1E34588E7A}.Release|Any CPU.ActiveCfg = Release|Any CPU
		{BD66454F-85DA-4ADE-9CC7-2B1E34588E7A}.Release|Any CPU.Build.0 = Release|Any CPU
	EndGlobalSection
	GlobalSection(SolutionProperties) = preSolution
		HideSolutionNode = FALSE
	EndGlobalSection
	GlobalSection(ExtensibilityGlobals) = postSolution
		SolutionGuid = {F61C2283-6BD3-4BFF-A9A6-DEF60ED18353}
	EndGlobalSection
EndGlobal
