
Microsoft Visual Studio Solution File, Format Version 12.00
# Visual Studio Version 16
VisualStudioVersion = 16.0.30804.86
MinimumVisualStudioVersion = 10.0.40219.1
Project("{9A19103F-16F7-4668-BE54-9A1E7A4F7556}") = "Day01", "Day01\Day01.csproj", "{D457BB0D-53EA-47E9-9919-5DA2D3649C81}"
EndProject
Project("{9A19103F-16F7-4668-BE54-9A1E7A4F7556}") = "Day02", "Day02\Day02.csproj", "{C139F1F9-AE36-4AD8-B344-7C96584C0D93}"
EndProject
Project("{9A19103F-16F7-4668-BE54-9A1E7A4F7556}") = "Day03", "Day03\Day03.csproj", "{C02714E8-D8F9-4B15-8AC3-C1370A95B0AB}"
EndProject
Project("{9A19103F-16F7-4668-BE54-9A1E7A4F7556}") = "Day04", "Day04\Day04.csproj", "{6471E638-6AEB-43C3-9EA9-A37BB23D703E}"
EndProject
Project("{9A19103F-16F7-4668-BE54-9A1E7A4F7556}") = "Day05", "Day05\Day05.csproj", "{A77FA4D5-7077-432E-BF33-1F67CA00DDAD}"
EndProject
Project("{9A19103F-16F7-4668-BE54-9A1E7A4F7556}") = "Day06", "Day06\Day06.csproj", "{25E4FE10-E80E-4A6B-999A-EEE3B776E494}"
EndProject
Project("{9A19103F-16F7-4668-BE54-9A1E7A4F7556}") = "Day07", "Day07\Day07.csproj", "{BD66454F-85DA-4ADE-9CC7-2B1E34588E7A}"
EndProject
Project("{9A19103F-16F7-4668-BE54-9A1E7A4F7556}") = "Day08", "Day08\Day08.csproj", "{D67B5B24-5C6C-418C-82D2-0E3D8F2094D1}"
EndProject
Project("{9A19103F-16F7-4668-BE54-9A1E7A4F7556}") = "Day09", "Day09\Day09.csproj", "{169BAE52-10EB-4981-8D4A-EA4C02B82228}"
EndProject
Project("{9A19103F-16F7-4668-BE54-9A1E7A4F7556}") = "Day10", "Day10\Day10.csproj", "{6F492A51-658C-4CDF-B7D4-043B0D96ADCB}"
EndProject
Project("{9A19103F-16F7-4668-BE54-9A1E7A4F7556}") = "Day11", "Day11\Day11.csproj", "{F0E8FE8C-9218-4C8F-AD44-64C142F7F235}"
EndProject
Project("{9A19103F-16F7-4668-BE54-9A1E7A4F7556}") = "Day12", "Day12\Day12.csproj", "{343D82A1-4B4A-44BD-9648-54E7E3E59D9A}"
EndProject
Project("{FAE04EC0-301F-11D3-BF4B-00C04F79EFBC}") = "Day13", "Day13\Day13.csproj", "{415FB898-D54D-44AF-82F7-18E27415034F}"
EndProject
Project("{FAE04EC0-301F-11D3-BF4B-00C04F79EFBC}") = "Day14", "Day14\Day14.csproj", "{77EE3348-19A8-455A-AD77-F417FDDE7ADD}"
EndProject
Project("{FAE04EC0-301F-11D3-BF4B-00C04F79EFBC}") = "Day15", "Day15\Day15.csproj", "{905E986A-989F-4C9F-9123-5B7C176A4485}"
EndProject
Global
	GlobalSection(SolutionConfigurationPlatforms) = preSolution
		Debug|Any CPU = Debug|Any CPU
		Release|Any CPU = Release|Any CPU
	EndGlobalSection
	GlobalSection(ProjectConfigurationPlatforms) = postSolution
		{D457BB0D-53EA-47E9-9919-5DA2D3649C81}.Debug|Any CPU.ActiveCfg = Debug|Any CPU
		{D457BB0D-53EA-47E9-9919-5DA2D3649C81}.Debug|Any CPU.Build.0 = Debug|Any CPU
		{D457BB0D-53EA-47E9-9919-5DA2D3649C81}.Release|Any CPU.ActiveCfg = Release|Any CPU
		{D457BB0D-53EA-47E9-9919-5DA2D3649C81}.Release|Any CPU.Build.0 = Release|Any CPU
		{C139F1F9-AE36-4AD8-B344-7C96584C0D93}.Debug|Any CPU.ActiveCfg = Debug|Any CPU
		{C139F1F9-AE36-4AD8-B344-7C96584C0D93}.Debug|Any CPU.Build.0 = Debug|Any CPU
		{C139F1F9-AE36-4AD8-B344-7C96584C0D93}.Release|Any CPU.ActiveCfg = Release|Any CPU
		{C139F1F9-AE36-4AD8-B344-7C96584C0D93}.Release|Any CPU.Build.0 = Release|Any CPU
		{C02714E8-D8F9-4B15-8AC3-C1370A95B0AB}.Debug|Any CPU.ActiveCfg = Debug|Any CPU
		{C02714E8-D8F9-4B15-8AC3-C1370A95B0AB}.Debug|Any CPU.Build.0 = Debug|Any CPU
		{C02714E8-D8F9-4B15-8AC3-C1370A95B0AB}.Release|Any CPU.ActiveCfg = Release|Any CPU
		{C02714E8-D8F9-4B15-8AC3-C1370A95B0AB}.Release|Any CPU.Build.0 = Release|Any CPU
		{6471E638-6AEB-43C3-9EA9-A37BB23D703E}.Debug|Any CPU.ActiveCfg = Debug|Any CPU
		{6471E638-6AEB-43C3-9EA9-A37BB23D703E}.Debug|Any CPU.Build.0 = Debug|Any CPU
		{6471E638-6AEB-43C3-9EA9-A37BB23D703E}.Release|Any CPU.ActiveCfg = Release|Any CPU
		{6471E638-6AEB-43C3-9EA9-A37BB23D703E}.Release|Any CPU.Build.0 = Release|Any CPU
		{A77FA4D5-7077-432E-BF33-1F67CA00DDAD}.Debug|Any CPU.ActiveCfg = Debug|Any CPU
		{A77FA4D5-7077-432E-BF33-1F67CA00DDAD}.Debug|Any CPU.Build.0 = Debug|Any CPU
		{A77FA4D5-7077-432E-BF33-1F67CA00DDAD}.Release|Any CPU.ActiveCfg = Release|Any CPU
		{A77FA4D5-7077-432E-BF33-1F67CA00DDAD}.Release|Any CPU.Build.0 = Release|Any CPU
		{25E4FE10-E80E-4A6B-999A-EEE3B776E494}.Debug|Any CPU.ActiveCfg = Debug|Any CPU
		{25E4FE10-E80E-4A6B-999A-EEE3B776E494}.Debug|Any CPU.Build.0 = Debug|Any CPU
		{25E4FE10-E80E-4A6B-999A-EEE3B776E494}.Release|Any CPU.ActiveCfg = Release|Any CPU
		{25E4FE10-E80E-4A6B-999A-EEE3B776E494}.Release|Any CPU.Build.0 = Release|Any CPU
		{BD66454F-85DA-4ADE-9CC7-2B1E34588E7A}.Debug|Any CPU.ActiveCfg = Debug|Any CPU
		{BD66454F-85DA-4ADE-9CC7-2B1E34588E7A}.Debug|Any CPU.Build.0 = Debug|Any CPU
		{BD66454F-85DA-4ADE-9CC7-2B1E34588E7A}.Release|Any CPU.ActiveCfg = Release|Any CPU
		{BD66454F-85DA-4ADE-9CC7-2B1E34588E7A}.Release|Any CPU.Build.0 = Release|Any CPU
		{D67B5B24-5C6C-418C-82D2-0E3D8F2094D1}.Debug|Any CPU.ActiveCfg = Debug|Any CPU
		{D67B5B24-5C6C-418C-82D2-0E3D8F2094D1}.Debug|Any CPU.Build.0 = Debug|Any CPU
		{D67B5B24-5C6C-418C-82D2-0E3D8F2094D1}.Release|Any CPU.ActiveCfg = Release|Any CPU
		{D67B5B24-5C6C-418C-82D2-0E3D8F2094D1}.Release|Any CPU.Build.0 = Release|Any CPU
		{169BAE52-10EB-4981-8D4A-EA4C02B82228}.Debug|Any CPU.ActiveCfg = Debug|Any CPU
		{169BAE52-10EB-4981-8D4A-EA4C02B82228}.Debug|Any CPU.Build.0 = Debug|Any CPU
		{169BAE52-10EB-4981-8D4A-EA4C02B82228}.Release|Any CPU.ActiveCfg = Release|Any CPU
		{169BAE52-10EB-4981-8D4A-EA4C02B82228}.Release|Any CPU.Build.0 = Release|Any CPU
		{6F492A51-658C-4CDF-B7D4-043B0D96ADCB}.Debug|Any CPU.ActiveCfg = Debug|Any CPU
		{6F492A51-658C-4CDF-B7D4-043B0D96ADCB}.Debug|Any CPU.Build.0 = Debug|Any CPU
		{6F492A51-658C-4CDF-B7D4-043B0D96ADCB}.Release|Any CPU.ActiveCfg = Release|Any CPU
		{6F492A51-658C-4CDF-B7D4-043B0D96ADCB}.Release|Any CPU.Build.0 = Release|Any CPU
		{F0E8FE8C-9218-4C8F-AD44-64C142F7F235}.Debug|Any CPU.ActiveCfg = Debug|Any CPU
		{F0E8FE8C-9218-4C8F-AD44-64C142F7F235}.Debug|Any CPU.Build.0 = Debug|Any CPU
		{F0E8FE8C-9218-4C8F-AD44-64C142F7F235}.Release|Any CPU.ActiveCfg = Release|Any CPU
		{F0E8FE8C-9218-4C8F-AD44-64C142F7F235}.Release|Any CPU.Build.0 = Release|Any CPU
		{343D82A1-4B4A-44BD-9648-54E7E3E59D9A}.Debug|Any CPU.ActiveCfg = Debug|Any CPU
		{343D82A1-4B4A-44BD-9648-54E7E3E59D9A}.Debug|Any CPU.Build.0 = Debug|Any CPU
		{343D82A1-4B4A-44BD-9648-54E7E3E59D9A}.Release|Any CPU.ActiveCfg = Release|Any CPU
		{343D82A1-4B4A-44BD-9648-54E7E3E59D9A}.Release|Any CPU.Build.0 = Release|Any CPU
		{415FB898-D54D-44AF-82F7-18E27415034F}.Debug|Any CPU.ActiveCfg = Debug|Any CPU
		{415FB898-D54D-44AF-82F7-18E27415034F}.Debug|Any CPU.Build.0 = Debug|Any CPU
		{415FB898-D54D-44AF-82F7-18E27415034F}.Release|Any CPU.ActiveCfg = Release|Any CPU
		{415FB898-D54D-44AF-82F7-18E27415034F}.Release|Any CPU.Build.0 = Release|Any CPU
		{77EE3348-19A8-455A-AD77-F417FDDE7ADD}.Debug|Any CPU.ActiveCfg = Debug|Any CPU
		{77EE3348-19A8-455A-AD77-F417FDDE7ADD}.Debug|Any CPU.Build.0 = Debug|Any CPU
		{77EE3348-19A8-455A-AD77-F417FDDE7ADD}.Release|Any CPU.ActiveCfg = Release|Any CPU
		{77EE3348-19A8-455A-AD77-F417FDDE7ADD}.Release|Any CPU.Build.0 = Release|Any CPU
		{905E986A-989F-4C9F-9123-5B7C176A4485}.Debug|Any CPU.ActiveCfg = Debug|Any CPU
		{905E986A-989F-4C9F-9123-5B7C176A4485}.Debug|Any CPU.Build.0 = Debug|Any CPU
		{905E986A-989F-4C9F-9123-5B7C176A4485}.Release|Any CPU.ActiveCfg = Release|Any CPU
		{905E986A-989F-4C9F-9123-5B7C176A4485}.Release|Any CPU.Build.0 = Release|Any CPU
	EndGlobalSection
	GlobalSection(SolutionProperties) = preSolution
		HideSolutionNode = FALSE
	EndGlobalSection
	GlobalSection(ExtensibilityGlobals) = postSolution
		SolutionGuid = {F61C2283-6BD3-4BFF-A9A6-DEF60ED18353}
	EndGlobalSection
EndGlobal
